<?xml version="1.0" encoding="utf-8"?>
<Project ToolsVersion="4.0" xmlns="http://schemas.microsoft.com/developer/msbuild/2003">
  <ItemGroup>
    <Filter Include="Archivos de origen">
      <UniqueIdentifier>{4FC737F1-C7A5-4376-A066-2A32D752A2FF}</UniqueIdentifier>
      <Extensions>cpp;c;cc;cxx;c++;cppm;ixx;def;odl;idl;hpj;bat;asm;asmx</Extensions>
    </Filter>
    <Filter Include="Archivos de encabezado">
      <UniqueIdentifier>{93995380-89BD-4b04-88EB-625FBE52EBFB}</UniqueIdentifier>
      <Extensions>h;hh;hpp;hxx;h++;hm;inl;inc;ipp;xsd</Extensions>
    </Filter>
    <Filter Include="Archivos de recursos">
      <UniqueIdentifier>{67DA6AB6-F800-4c08-8B7A-83BB121AAD01}</UniqueIdentifier>
      <Extensions>rc;ico;cur;bmp;dlg;rc2;rct;bin;rgs;gif;jpg;jpeg;jpe;resx;tiff;tif;png;wav;mfcribbon-ms</Extensions>
    </Filter>
    <Filter Include="Archivos de encabezado\ECS">
      <UniqueIdentifier>{8d2c2d29-379e-43f8-9e18-97c5ff7e3cb3}</UniqueIdentifier>
    </Filter>
    <Filter Include="Archivos de encabezado\Memory">
      <UniqueIdentifier>{c695c996-0a6b-4dac-9d93-7a0e41ea095d}</UniqueIdentifier>
    </Filter>
    <Filter Include="Archivos de recursos\ECS">
      <UniqueIdentifier>{8c6f0629-c3ca-4923-8bb5-e6ef924b7710}</UniqueIdentifier>
    </Filter>
    <Filter Include="IMGUI">
      <UniqueIdentifier>{82e5b6c4-9b07-4c84-a31f-d673b5ad548d}</UniqueIdentifier>
    </Filter>
    <Filter Include="Archivos de encabezado\Services">
      <UniqueIdentifier>{c9e92319-674c-4baa-8fe3-e5acf5e27e9f}</UniqueIdentifier>
    </Filter>
  </ItemGroup>
  <ItemGroup>
    <ClCompile Include="src\GalvanEngine.cpp">
      <Filter>Archivos de recursos</Filter>
    </ClCompile>
    <ClCompile Include="src\BaseApp.cpp">
      <Filter>Archivos de recursos</Filter>
    </ClCompile>
    <ClCompile Include="src\ShapeFactory.cpp">
      <Filter>Archivos de recursos</Filter>
    </ClCompile>
    <ClCompile Include="src\Window.cpp">
      <Filter>Archivos de recursos</Filter>
    </ClCompile>
    <ClCompile Include="src\Actor.cpp">
      <Filter>Archivos de recursos\ECS</Filter>
    </ClCompile>
    <ClCompile Include="..\ThirdParties\imgui-sfml-2.6.x\imgui.cpp">
      <Filter>IMGUI</Filter>
    </ClCompile>
    <ClCompile Include="..\ThirdParties\imgui-sfml-2.6.x\imgui_demo.cpp">
      <Filter>IMGUI</Filter>
    </ClCompile>
    <ClCompile Include="..\ThirdParties\imgui-sfml-2.6.x\imgui_draw.cpp">
      <Filter>IMGUI</Filter>
    </ClCompile>
    <ClCompile Include="..\ThirdParties\imgui-sfml-2.6.x\imgui_tables.cpp">
      <Filter>IMGUI</Filter>
    </ClCompile>
    <ClCompile Include="..\ThirdParties\imgui-sfml-2.6.x\imgui_widgets.cpp">
      <Filter>IMGUI</Filter>
    </ClCompile>
    <ClCompile Include="..\ThirdParties\imgui-sfml-2.6.x\imgui-SFML.cpp">
      <Filter>IMGUI</Filter>
    </ClCompile>
    <ClCompile Include="src\GUI.cpp">
      <Filter>Archivos de recursos</Filter>
    </ClCompile>
  </ItemGroup>
  <ItemGroup>
    <ClInclude Include="include\BaseApp.h">
      <Filter>Archivos de encabezado</Filter>
    </ClInclude>
    <ClInclude Include="include\Prerequisites.h">
      <Filter>Archivos de encabezado</Filter>
    </ClInclude>
    <ClInclude Include="include\ShapeFactory.h">
      <Filter>Archivos de encabezado</Filter>
    </ClInclude>
    <ClInclude Include="include\Window.h">
      <Filter>Archivos de encabezado</Filter>
    </ClInclude>
    <ClInclude Include="include\Actor.h">
      <Filter>Archivos de encabezado\ECS</Filter>
    </ClInclude>
    <ClInclude Include="include\Component.h">
      <Filter>Archivos de encabezado\ECS</Filter>
    </ClInclude>
    <ClInclude Include="include\Entity.h">
      <Filter>Archivos de encabezado\ECS</Filter>
    </ClInclude>
    <ClInclude Include="include\TSharedPointer.h">
      <Filter>Archivos de encabezado\Memory</Filter>
    </ClInclude>
    <ClInclude Include="include\TStaticPtr.h">
      <Filter>Archivos de encabezado\Memory</Filter>
    </ClInclude>
    <ClInclude Include="include\TUniquePtr.h">
      <Filter>Archivos de encabezado\Memory</Filter>
    </ClInclude>
    <ClInclude Include="include\TWeakPointer.h">
      <Filter>Archivos de encabezado\Memory</Filter>
    </ClInclude>
    <ClInclude Include="include\Transform.h">
      <Filter>Archivos de encabezado</Filter>
    </ClInclude>
    <ClInclude Include="..\ThirdParties\imgui-sfml-2.6.x\imconfig.h">
      <Filter>IMGUI</Filter>
    </ClInclude>
    <ClInclude Include="..\ThirdParties\imgui-sfml-2.6.x\imconfig-SFML.h">
      <Filter>IMGUI</Filter>
    </ClInclude>
    <ClInclude Include="..\ThirdParties\imgui-sfml-2.6.x\imgui.h">
      <Filter>IMGUI</Filter>
    </ClInclude>
    <ClInclude Include="..\ThirdParties\imgui-sfml-2.6.x\imgui_impl_opengl3_loader.h">
      <Filter>IMGUI</Filter>
    </ClInclude>
    <ClInclude Include="..\ThirdParties\imgui-sfml-2.6.x\imgui_internal.h">
      <Filter>IMGUI</Filter>
    </ClInclude>
    <ClInclude Include="..\ThirdParties\imgui-sfml-2.6.x\imgui-SFML.h">
      <Filter>IMGUI</Filter>
    </ClInclude>
    <ClInclude Include="..\ThirdParties\imgui-sfml-2.6.x\imgui-SFML_export.h">
      <Filter>IMGUI</Filter>
    </ClInclude>
    <ClInclude Include="..\ThirdParties\imgui-sfml-2.6.x\imstb_rectpack.h">
      <Filter>IMGUI</Filter>
    </ClInclude>
    <ClInclude Include="..\ThirdParties\imgui-sfml-2.6.x\imstb_textedit.h">
      <Filter>IMGUI</Filter>
    </ClInclude>
    <ClInclude Include="..\ThirdParties\imgui-sfml-2.6.x\imstb_truetype.h">
      <Filter>IMGUI</Filter>
    </ClInclude>
    <ClInclude Include="include\NotificationService.h">
      <Filter>Archivos de encabezado\Services</Filter>
    </ClInclude>
    <ClInclude Include="include\GUI.h">
      <Filter>Archivos de encabezado</Filter>
    </ClInclude>
  </ItemGroup>
</Project>